
Microsoft Visual Studio Solution File, Format Version 12.00
# Visual Studio Version 17
VisualStudioVersion = 17.11.35312.102
MinimumVisualStudioVersion = 10.0.40219.1
Project("{FAE04EC0-301F-11D3-BF4B-00C04F79EFBC}") = "MultiBinding", "MultiBinding\MultiBinding.csproj", "{A0EE7ED6-34A7-4194-A884-058E40D10AE1}"
EndProject
Global
	GlobalSection(SolutionConfigurationPlatforms) = preSolution
		Debug|Any CPU = Debug|Any CPU
		Release|Any CPU = Release|Any CPU
	EndGlobalSection
	GlobalSection(ProjectConfigurationPlatforms) = postSolution
		{A0EE7ED6-34A7-4194-A884-058E40D10AE1}.Debug|Any CPU.ActiveCfg = Debug|Any CPU
		{A0EE7ED6-34A7-4194-A884-058E40D10AE1}.Debug|Any CPU.Build.0 = Debug|Any CPU
		{A0EE7ED6-34A7-4194-A884-058E40D10AE1}.Release|Any CPU.ActiveCfg = Release|Any CPU
		{A0EE7ED6-34A7-4194-A884-058E40D10AE1}.Release|Any CPU.Build.0 = Release|Any CPU
	EndGlobalSection
	GlobalSection(SolutionProperties) = preSolution
		HideSolutionNode = FALSE
	EndGlobalSection
	GlobalSection(ExtensibilityGlobals) = postSolution
		SolutionGuid = {F8DBD62E-0C45-4011-B3B6-58BE40EA9EE5}
	EndGlobalSection
EndGlobal
