
Microsoft Visual Studio Solution File, Format Version 12.00
# Visual Studio Version 17
VisualStudioVersion = 17.11.35312.102
MinimumVisualStudioVersion = 10.0.40219.1
Project("{FAE04EC0-301F-11D3-BF4B-00C04F79EFBC}") = "Source", "Source\Source.csproj", "{A89C1D8C-0A17-4029-B167-CD291E5F3634}"
EndProject
Global
	GlobalSection(SolutionConfigurationPlatforms) = preSolution
		Debug|Any CPU = Debug|Any CPU
		Release|Any CPU = Release|Any CPU
	EndGlobalSection
	GlobalSection(ProjectConfigurationPlatforms) = postSolution
		{A89C1D8C-0A17-4029-B167-CD291E5F3634}.Debug|Any CPU.ActiveCfg = Debug|Any CPU
		{A89C1D8C-0A17-4029-B167-CD291E5F3634}.Debug|Any CPU.Build.0 = Debug|Any CPU
		{A89C1D8C-0A17-4029-B167-CD291E5F3634}.Release|Any CPU.ActiveCfg = Release|Any CPU
		{A89C1D8C-0A17-4029-B167-CD291E5F3634}.Release|Any CPU.Build.0 = Release|Any CPU
	EndGlobalSection
	GlobalSection(SolutionProperties) = preSolution
		HideSolutionNode = FALSE
	EndGlobalSection
	GlobalSection(ExtensibilityGlobals) = postSolution
		SolutionGuid = {D0652367-89D3-43DC-BCDD-F0B5ED6D9E02}
	EndGlobalSection
EndGlobal
