
Microsoft Visual Studio Solution File, Format Version 12.00
# Visual Studio Version 17
VisualStudioVersion = 17.11.35312.102
MinimumVisualStudioVersion = 10.0.40219.1
Project("{FAE04EC0-301F-11D3-BF4B-00C04F79EFBC}") = "VM", "VM\VM.csproj", "{915A65C6-E062-4DC1-B833-E31B0F461E0E}"
EndProject
Global
	GlobalSection(SolutionConfigurationPlatforms) = preSolution
		Debug|Any CPU = Debug|Any CPU
		Release|Any CPU = Release|Any CPU
	EndGlobalSection
	GlobalSection(ProjectConfigurationPlatforms) = postSolution
		{915A65C6-E062-4DC1-B833-E31B0F461E0E}.Debug|Any CPU.ActiveCfg = Debug|Any CPU
		{915A65C6-E062-4DC1-B833-E31B0F461E0E}.Debug|Any CPU.Build.0 = Debug|Any CPU
		{915A65C6-E062-4DC1-B833-E31B0F461E0E}.Release|Any CPU.ActiveCfg = Release|Any CPU
		{915A65C6-E062-4DC1-B833-E31B0F461E0E}.Release|Any CPU.Build.0 = Release|Any CPU
	EndGlobalSection
	GlobalSection(SolutionProperties) = preSolution
		HideSolutionNode = FALSE
	EndGlobalSection
	GlobalSection(ExtensibilityGlobals) = postSolution
		SolutionGuid = {35901BCA-3548-477A-87D9-B87031FB15B3}
	EndGlobalSection
EndGlobal
